
Microsoft Visual Studio Solution File, Format Version 12.00
# Visual Studio Version 17
VisualStudioVersion = 17.3.32804.467
MinimumVisualStudioVersion = 10.0.40219.1
Project("{FAE04EC0-301F-11D3-BF4B-00C04F79EFBC}") = "KeyCounterApp", "KeyCounterApp.csproj", "{056C7C36-215F-4551-BD2F-317AC4603A0A}"
EndProject
Global
	GlobalSection(SolutionConfigurationPlatforms) = preSolution
		Debug|Any CPU = Debug|Any CPU
		Release|Any CPU = Release|Any CPU
	EndGlobalSection
	GlobalSection(ProjectConfigurationPlatforms) = postSolution
		{056C7C36-215F-4551-BD2F-317AC4603A0A}.Debug|Any CPU.ActiveCfg = Debug|Any CPU
		{056C7C36-215F-4551-BD2F-317AC4603A0A}.Debug|Any CPU.Build.0 = Debug|Any CPU
		{056C7C36-215F-4551-BD2F-317AC4603A0A}.Release|Any CPU.ActiveCfg = Release|Any CPU
		{056C7C36-215F-4551-BD2F-317AC4603A0A}.Release|Any CPU.Build.0 = Release|Any CPU
	EndGlobalSection
	GlobalSection(SolutionProperties) = preSolution
		HideSolutionNode = FALSE
	EndGlobalSection
	GlobalSection(ExtensibilityGlobals) = postSolution
		SolutionGuid = {A33103A7-5543-46FB-BB0F-ADFB610D75A5}
	EndGlobalSection
EndGlobal
